// !$*UTF8*$!
{
	archiveVersion = 1;
	classes = {
	};
	objectVersion = 50;
	objects = {

/* Begin PBXBuildFile section */
		1E41EC9F25328E77005FF665 /* AppDelegate.swift in Sources */ = {isa = PBXBuildFile; fileRef = 1E41EC9E25328E77005FF665 /* AppDelegate.swift */; };
		1E41ECA125328E77005FF665 /* SceneDelegate.swift in Sources */ = {isa = PBXBuildFile; fileRef = 1E41ECA025328E77005FF665 /* SceneDelegate.swift */; };
		1E41ECA325328E77005FF665 /* ViewController.swift in Sources */ = {isa = PBXBuildFile; fileRef = 1E41ECA225328E77005FF665 /* ViewController.swift */; };
		1E41ECA625328E77005FF665 /* Main.storyboard in Resources */ = {isa = PBXBuildFile; fileRef = 1E41ECA425328E77005FF665 /* Main.storyboard */; };
		1E41ECA825328E7B005FF665 /* Assets.xcassets in Resources */ = {isa = PBXBuildFile; fileRef = 1E41ECA725328E7B005FF665 /* Assets.xcassets */; };
		1E41ECAB25328E7B005FF665 /* LaunchScreen.storyboard in Resources */ = {isa = PBXBuildFile; fileRef = 1E41ECA925328E7B005FF665 /* LaunchScreen.storyboard */; };
		1E41ECB625328E7B005FF665 /* TipCalculatorTests.swift in Sources */ = {isa = PBXBuildFile; fileRef = 1E41ECB525328E7B005FF665 /* TipCalculatorTests.swift */; };
		1E41ECC125328E7B005FF665 /* TipCalculatorUITests.swift in Sources */ = {isa = PBXBuildFile; fileRef = 1E41ECC025328E7B005FF665 /* TipCalculatorUITests.swift */; };
/* End PBXBuildFile section */

/* Begin PBXContainerItemProxy section */
		1E41ECB225328E7B005FF665 /* PBXContainerItemProxy */ = {
			isa = PBXContainerItemProxy;
			containerPortal = 1E41EC9325328E77005FF665 /* Project object */;
			proxyType = 1;
			remoteGlobalIDString = 1E41EC9A25328E77005FF665;
			remoteInfo = TipCalculator;
		};
		1E41ECBD25328E7B005FF665 /* PBXContainerItemProxy */ = {
			isa = PBXContainerItemProxy;
			containerPortal = 1E41EC9325328E77005FF665 /* Project object */;
			proxyType = 1;
			remoteGlobalIDString = 1E41EC9A25328E77005FF665;
			remoteInfo = TipCalculator;
		};
/* End PBXContainerItemProxy section */

/* Begin PBXFileReference section */
		1E41EC9B25328E77005FF665 /* TipCalculator.app */ = {isa = PBXFileReference; explicitFileType = wrapper.application; includeInIndex = 0; path = TipCalculator.app; sourceTree = BUILT_PRODUCTS_DIR; };
		1E41EC9E25328E77005FF665 /* AppDelegate.swift */ = {isa = PBXFileReference; lastKnownFileType = sourcecode.swift; path = AppDelegate.swift; sourceTree = "<group>"; };
		1E41ECA025328E77005FF665 /* SceneDelegate.swift */ = {isa = PBXFileReference; lastKnownFileType = sourcecode.swift; path = SceneDelegate.swift; sourceTree = "<group>"; };
		1E41ECA225328E77005FF665 /* ViewController.swift */ = {isa = PBXFileReference; lastKnownFileType = sourcecode.swift; path = ViewController.swift; sourceTree = "<group>"; };
		1E41ECA525328E77005FF665 /* Base */ = {isa = PBXFileReference; lastKnownFileType = file.storyboard; name = Base; path = Base.lproj/Main.storyboard; sourceTree = "<group>"; };
		1E41ECA725328E7B005FF665 /* Assets.xcassets */ = {isa = PBXFileReference; lastKnownFileType = folder.assetcatalog; path = Assets.xcassets; sourceTree = "<group>"; };
		1E41ECAA25328E7B005FF665 /* Base */ = {isa = PBXFileReference; lastKnownFileType = file.storyboard; name = Base; path = Base.lproj/LaunchScreen.storyboard; sourceTree = "<group>"; };
		1E41ECAC25328E7B005FF665 /* Info.plist */ = {isa = PBXFileReference; lastKnownFileType = text.plist.xml; path = Info.plist; sourceTree = "<group>"; };
		1E41ECB125328E7B005FF665 /* TipCalculatorTests.xctest */ = {isa = PBXFileReference; explicitFileType = wrapper.cfbundle; includeInIndex = 0; path = TipCalculatorTests.xctest; sourceTree = BUILT_PRODUCTS_DIR; };
		1E41ECB525328E7B005FF665 /* TipCalculatorTests.swift */ = {isa = PBXFileReference; lastKnownFileType = sourcecode.swift; path = TipCalculatorTests.swift; sourceTree = "<group>"; };
		1E41ECB725328E7B005FF665 /* Info.plist */ = {isa = PBXFileReference; lastKnownFileType = text.plist.xml; path = Info.plist; sourceTree = "<group>"; };
		1E41ECBC25328E7B005FF665 /* TipCalculatorUITests.xctest */ = {isa = PBXFileReference; explicitFileType = wrapper.cfbundle; includeInIndex = 0; path = TipCalculatorUITests.xctest; sourceTree = BUILT_PRODUCTS_DIR; };
		1E41ECC025328E7B005FF665 /* TipCalculatorUITests.swift */ = {isa = PBXFileReference; lastKnownFileType = sourcecode.swift; path = TipCalculatorUITests.swift; sourceTree = "<group>"; };
		1E41ECC225328E7C005FF665 /* Info.plist */ = {isa = PBXFileReference; lastKnownFileType = text.plist.xml; path = Info.plist; sourceTree = "<group>"; };
/* End PBXFileReference section */

/* Begin PBXFrameworksBuildPhase section */
		1E41EC9825328E77005FF665 /* Frameworks */ = {
			isa = PBXFrameworksBuildPhase;
			buildActionMask = 2147483647;
			files = (
			);
			runOnlyForDeploymentPostprocessing = 0;
		};
		1E41ECAE25328E7B005FF665 /* Frameworks */ = {
			isa = PBXFrameworksBuildPhase;
			buildActionMask = 2147483647;
			files = (
			);
			runOnlyForDeploymentPostprocessing = 0;
		};
		1E41ECB925328E7B005FF665 /* Frameworks */ = {
			isa = PBXFrameworksBuildPhase;
			buildActionMask = 2147483647;
			files = (
			);
			runOnlyForDeploymentPostprocessing = 0;
		};
/* End PBXFrameworksBuildPhase section */

/* Begin PBXGroup section */
		1E41EC9225328E77005FF665 = {
			isa = PBXGroup;
			children = (
				1E41EC9D25328E77005FF665 /* TipCalculator */,
				1E41ECB425328E7B005FF665 /* TipCalculatorTests */,
				1E41ECBF25328E7B005FF665 /* TipCalculatorUITests */,
				1E41EC9C25328E77005FF665 /* Products */,
			);
			sourceTree = "<group>";
		};
		1E41EC9C25328E77005FF665 /* Products */ = {
			isa = PBXGroup;
			children = (
				1E41EC9B25328E77005FF665 /* TipCalculator.app */,
				1E41ECB125328E7B005FF665 /* TipCalculatorTests.xctest */,
				1E41ECBC25328E7B005FF665 /* TipCalculatorUITests.xctest */,
			);
			name = Products;
			sourceTree = "<group>";
		};
		1E41EC9D25328E77005FF665 /* TipCalculator */ = {
			isa = PBXGroup;
			children = (
				1E41EC9E25328E77005FF665 /* AppDelegate.swift */,
				1E41ECA025328E77005FF665 /* SceneDelegate.swift */,
				1E41ECA225328E77005FF665 /* ViewController.swift */,
				1E41ECA425328E77005FF665 /* Main.storyboard */,
				1E41ECA725328E7B005FF665 /* Assets.xcassets */,
				1E41ECA925328E7B005FF665 /* LaunchScreen.storyboard */,
				1E41ECAC25328E7B005FF665 /* Info.plist */,
			);
			path = TipCalculator;
			sourceTree = "<group>";
		};
		1E41ECB425328E7B005FF665 /* TipCalculatorTests */ = {
			isa = PBXGroup;
			children = (
				1E41ECB525328E7B005FF665 /* TipCalculatorTests.swift */,
				1E41ECB725328E7B005FF665 /* Info.plist */,
			);
			path = TipCalculatorTests;
			sourceTree = "<group>";
		};
		1E41ECBF25328E7B005FF665 /* TipCalculatorUITests */ = {
			isa = PBXGroup;
			children = (
				1E41ECC025328E7B005FF665 /* TipCalculatorUITests.swift */,
				1E41ECC225328E7C005FF665 /* Info.plist */,
			);
			path = TipCalculatorUITests;
			sourceTree = "<group>";
		};
/* End PBXGroup section */

/* Begin PBXNativeTarget section */
		1E41EC9A25328E77005FF665 /* TipCalculator */ = {
			isa = PBXNativeTarget;
			buildConfigurationList = 1E41ECC525328E7C005FF665 /* Build configuration list for PBXNativeTarget "TipCalculator" */;
			buildPhases = (
				1E41EC9725328E77005FF665 /* Sources */,
				1E41EC9825328E77005FF665 /* Frameworks */,
				1E41EC9925328E77005FF665 /* Resources */,
			);
			buildRules = (
			);
			dependencies = (
			);
			name = TipCalculator;
			productName = TipCalculator;
			productReference = 1E41EC9B25328E77005FF665 /* TipCalculator.app */;
			productType = "com.apple.product-type.application";
		};
		1E41ECB025328E7B005FF665 /* TipCalculatorTests */ = {
			isa = PBXNativeTarget;
			buildConfigurationList = 1E41ECC825328E7C005FF665 /* Build configuration list for PBXNativeTarget "TipCalculatorTests" */;
			buildPhases = (
				1E41ECAD25328E7B005FF665 /* Sources */,
				1E41ECAE25328E7B005FF665 /* Frameworks */,
				1E41ECAF25328E7B005FF665 /* Resources */,
			);
			buildRules = (
			);
			dependencies = (
				1E41ECB325328E7B005FF665 /* PBXTargetDependency */,
			);
			name = TipCalculatorTests;
			productName = TipCalculatorTests;
			productReference = 1E41ECB125328E7B005FF665 /* TipCalculatorTests.xctest */;
			productType = "com.apple.product-type.bundle.unit-test";
		};
		1E41ECBB25328E7B005FF665 /* TipCalculatorUITests */ = {
			isa = PBXNativeTarget;
			buildConfigurationList = 1E41ECCB25328E7C005FF665 /* Build configuration list for PBXNativeTarget "TipCalculatorUITests" */;
			buildPhases = (
				1E41ECB825328E7B005FF665 /* Sources */,
				1E41ECB925328E7B005FF665 /* Frameworks */,
				1E41ECBA25328E7B005FF665 /* Resources */,
			);
			buildRules = (
			);
			dependencies = (
				1E41ECBE25328E7B005FF665 /* PBXTargetDependency */,
			);
			name = TipCalculatorUITests;
			productName = TipCalculatorUITests;
			productReference = 1E41ECBC25328E7B005FF665 /* TipCalculatorUITests.xctest */;
			productType = "com.apple.product-type.bundle.ui-testing";
		};
/* End PBXNativeTarget section */

/* Begin PBXProject section */
		1E41EC9325328E77005FF665 /* Project object */ = {
			isa = PBXProject;
			attributes = {
				LastSwiftUpdateCheck = 1130;
				LastUpgradeCheck = 1130;
				ORGANIZATIONNAME = Codepath;
				TargetAttributes = {
					1E41EC9A25328E77005FF665 = {
						CreatedOnToolsVersion = 11.3;
					};
					1E41ECB025328E7B005FF665 = {
						CreatedOnToolsVersion = 11.3;
						TestTargetID = 1E41EC9A25328E77005FF665;
					};
					1E41ECBB25328E7B005FF665 = {
						CreatedOnToolsVersion = 11.3;
						TestTargetID = 1E41EC9A25328E77005FF665;
					};
				};
			};
			buildConfigurationList = 1E41EC9625328E77005FF665 /* Build configuration list for PBXProject "TipCalculator" */;
			compatibilityVersion = "Xcode 9.3";
			developmentRegion = en;
			hasScannedForEncodings = 0;
			knownRegions = (
				en,
				Base,
			);
			mainGroup = 1E41EC9225328E77005FF665;
			productRefGroup = 1E41EC9C25328E77005FF665 /* Products */;
			projectDirPath = "";
			projectRoot = "";
			targets = (
				1E41EC9A25328E77005FF665 /* TipCalculator */,
				1E41ECB025328E7B005FF665 /* TipCalculatorTests */,
				1E41ECBB25328E7B005FF665 /* TipCalculatorUITests */,
			);
		};
/* End PBXProject section */

/* Begin PBXResourcesBuildPhase section */
		1E41EC9925328E77005FF665 /* Resources */ = {
			isa = PBXResourcesBuildPhase;
			buildActionMask = 2147483647;
			files = (
				1E41ECAB25328E7B005FF665 /* LaunchScreen.storyboard in Resources */,
				1E41ECA825328E7B005FF665 /* Assets.xcassets in Resources */,
				1E41ECA625328E77005FF665 /* Main.storyboard in Resources */,
			);
			runOnlyForDeploymentPostprocessing = 0;
		};
		1E41ECAF25328E7B005FF665 /* Resources */ = {
			isa = PBXResourcesBuildPhase;
			buildActionMask = 2147483647;
			files = (
			);
			runOnlyForDeploymentPostprocessing = 0;
		};
		1E41ECBA25328E7B005FF665 /* Resources */ = {
			isa = PBXResourcesBuildPhase;
			buildActionMask = 2147483647;
			files = (
			);
			runOnlyForDeploymentPostprocessing = 0;
		};
/* End PBXResourcesBuildPhase section */

/* Begin PBXSourcesBuildPhase section */
		1E41EC9725328E77005FF665 /* Sources */ = {
			isa = PBXSourcesBuildPhase;
			buildActionMask = 2147483647;
			files = (
				1E41ECA325328E77005FF665 /* ViewController.swift in Sources */,
				1E41EC9F25328E77005FF665 /* AppDelegate.swift in Sources */,
				1E41ECA125328E77005FF665 /* SceneDelegate.swift in Sources */,
			);
			runOnlyForDeploymentPostprocessing = 0;
		};
		1E41ECAD25328E7B005FF665 /* Sources */ = {
			isa = PBXSourcesBuildPhase;
			buildActionMask = 2147483647;
			files = (
				1E41ECB625328E7B005FF665 /* TipCalculatorTests.swift in Sources */,
			);
			runOnlyForDeploymentPostprocessing = 0;
		};
		1E41ECB825328E7B005FF665 /* Sources */ = {
			isa = PBXSourcesBuildPhase;
			buildActionMask = 2147483647;
			files = (
				1E41ECC125328E7B005FF665 /* TipCalculatorUITests.swift in Sources */,
			);
			runOnlyForDeploymentPostprocessing = 0;
		};
/* End PBXSourcesBuildPhase section */

/* Begin PBXTargetDependency section */
		1E41ECB325328E7B005FF665 /* PBXTargetDependency */ = {
			isa = PBXTargetDependency;
			target = 1E41EC9A25328E77005FF665 /* TipCalculator */;
			targetProxy = 1E41ECB225328E7B005FF665 /* PBXContainerItemProxy */;
		};
		1E41ECBE25328E7B005FF665 /* PBXTargetDependency */ = {
			isa = PBXTargetDependency;
			target = 1E41EC9A25328E77005FF665 /* TipCalculator */;
			targetProxy = 1E41ECBD25328E7B005FF665 /* PBXContainerItemProxy */;
		};
/* End PBXTargetDependency section */

/* Begin PBXVariantGroup section */
		1E41ECA425328E77005FF665 /* Main.storyboard */ = {
			isa = PBXVariantGroup;
			children = (
				1E41ECA525328E77005FF665 /* Base */,
			);
			name = Main.storyboard;
			sourceTree = "<group>";
		};
		1E41ECA925328E7B005FF665 /* LaunchScreen.storyboard */ = {
			isa = PBXVariantGroup;
			children = (
				1E41ECAA25328E7B005FF665 /* Base */,
			);
			name = LaunchScreen.storyboard;
			sourceTree = "<group>";
		};
/* End PBXVariantGroup section */

/* Begin XCBuildConfiguration section */
		1E41ECC325328E7C005FF665 /* Debug */ = {
			isa = XCBuildConfiguration;
			buildSettings = {
				ALWAYS_SEARCH_USER_PATHS = NO;
				CLANG_ANALYZER_NONNULL = YES;
				CLANG_ANALYZER_NUMBER_OBJECT_CONVERSION = YES_AGGRESSIVE;
				CLANG_CXX_LANGUAGE_STANDARD = "gnu++14";
				CLANG_CXX_LIBRARY = "libc++";
				CLANG_ENABLE_MODULES = YES;
				CLANG_ENABLE_OBJC_ARC = YES;
				CLANG_ENABLE_OBJC_WEAK = YES;
				CLANG_WARN_BLOCK_CAPTURE_AUTORELEASING = YES;
				CLANG_WARN_BOOL_CONVERSION = YES;
				CLANG_WARN_COMMA = YES;
				CLANG_WARN_CONSTANT_CONVERSION = YES;
				CLANG_WARN_DEPRECATED_OBJC_IMPLEMENTATIONS = YES;
				CLANG_WARN_DIRECT_OBJC_ISA_USAGE = YES_ERROR;
				CLANG_WARN_DOCUMENTATION_COMMENTS = YES;
				CLANG_WARN_EMPTY_BODY = YES;
				CLANG_WARN_ENUM_CONVERSION = YES;
				CLANG_WARN_INFINITE_RECURSION = YES;
				CLANG_WARN_INT_CONVERSION = YES;
				CLANG_WARN_NON_LITERAL_NULL_CONVERSION = YES;
				CLANG_WARN_OBJC_IMPLICIT_RETAIN_SELF = YES;
				CLANG_WARN_OBJC_LITERAL_CONVERSION = YES;
				CLANG_WARN_OBJC_ROOT_CLASS = YES_ERROR;
				CLANG_WARN_RANGE_LOOP_ANALYSIS = YES;
				CLANG_WARN_STRICT_PROTOTYPES = YES;
				CLANG_WARN_SUSPICIOUS_MOVE = YES;
				CLANG_WARN_UNGUARDED_AVAILABILITY = YES_AGGRESSIVE;
				CLANG_WARN_UNREACHABLE_CODE = YES;
				CLANG_WARN__DUPLICATE_METHOD_MATCH = YES;
				COPY_PHASE_STRIP = NO;
				DEBUG_INFORMATION_FORMAT = dwarf;
				ENABLE_STRICT_OBJC_MSGSEND = YES;
				ENABLE_TESTABILITY = YES;
				GCC_C_LANGUAGE_STANDARD = gnu11;
				GCC_DYNAMIC_NO_PIC = NO;
				GCC_NO_COMMON_BLOCKS = YES;
				GCC_OPTIMIZATION_LEVEL = 0;
				GCC_PREPROCESSOR_DEFINITIONS = (
					"DEBUG=1",
					"$(inherited)",
				);
				GCC_WARN_64_TO_32_BIT_CONVERSION = YES;
				GCC_WARN_ABOUT_RETURN_TYPE = YES_ERROR;
				GCC_WARN_UNDECLARED_SELECTOR = YES;
				GCC_WARN_UNINITIALIZED_AUTOS = YES_AGGRESSIVE;
				GCC_WARN_UNUSED_FUNCTION = YES;
				GCC_WARN_UNUSED_VARIABLE = YES;
				IPHONEOS_DEPLOYMENT_TARGET = 13.2;
				MTL_ENABLE_DEBUG_INFO = INCLUDE_SOURCE;
				MTL_FAST_MATH = YES;
				ONLY_ACTIVE_ARCH = YES;
				SDKROOT = iphoneos;
				SWIFT_ACTIVE_COMPILATION_CONDITIONS = DEBUG;
				SWIFT_OPTIMIZATION_LEVEL = "-Onone";
			};
			name = Debug;
		};
		1E41ECC425328E7C005FF665 /* Release */ = {
			isa = XCBuildConfiguration;
			buildSettings = {
				ALWAYS_SEARCH_USER_PATHS = NO;
				CLANG_ANALYZER_NONNULL = YES;
				CLANG_ANALYZER_NUMBER_OBJECT_CONVERSION = YES_AGGRESSIVE;
				CLANG_CXX_LANGUAGE_STANDARD = "gnu++14";
				CLANG_CXX_LIBRARY = "libc++";
				CLANG_ENABLE_MODULES = YES;
				CLANG_ENABLE_OBJC_ARC = YES;
				CLANG_ENABLE_OBJC_WEAK = YES;
				CLANG_WARN_BLOCK_CAPTURE_AUTORELEASING = YES;
				CLANG_WARN_BOOL_CONVERSION = YES;
				CLANG_WARN_COMMA = YES;
				CLANG_WARN_CONSTANT_CONVERSION = YES;
				CLANG_WARN_DEPRECATED_OBJC_IMPLEMENTATIONS = YES;
				CLANG_WARN_DIRECT_OBJC_ISA_USAGE = YES_ERROR;
				CLANG_WARN_DOCUMENTATION_COMMENTS = YES;
				CLANG_WARN_EMPTY_BODY = YES;
				CLANG_WARN_ENUM_CONVERSION = YES;
				CLANG_WARN_INFINITE_RECURSION = YES;
				CLANG_WARN_INT_CONVERSION = YES;
				CLANG_WARN_NON_LITERAL_NULL_CONVERSION = YES;
				CLANG_WARN_OBJC_IMPLICIT_RETAIN_SELF = YES;
				CLANG_WARN_OBJC_LITERAL_CONVERSION = YES;
				CLANG_WARN_OBJC_ROOT_CLASS = YES_ERROR;
				CLANG_WARN_RANGE_LOOP_ANALYSIS = YES;
				CLANG_WARN_STRICT_PROTOTYPES = YES;
				CLANG_WARN_SUSPICIOUS_MOVE = YES;
				CLANG_WARN_UNGUARDED_AVAILABILITY = YES_AGGRESSIVE;
				CLANG_WARN_UNREACHABLE_CODE = YES;
				CLANG_WARN__DUPLICATE_METHOD_MATCH = YES;
				COPY_PHASE_STRIP = NO;
				DEBUG_INFORMATION_FORMAT = "dwarf-with-dsym";
				ENABLE_NS_ASSERTIONS = NO;
				ENABLE_STRICT_OBJC_MSGSEND = YES;
				GCC_C_LANGUAGE_STANDARD = gnu11;
				GCC_NO_COMMON_BLOCKS = YES;
				GCC_WARN_64_TO_32_BIT_CONVERSION = YES;
				GCC_WARN_ABOUT_RETURN_TYPE = YES_ERROR;
				GCC_WARN_UNDECLARED_SELECTOR = YES;
				GCC_WARN_UNINITIALIZED_AUTOS = YES_AGGRESSIVE;
				GCC_WARN_UNUSED_FUNCTION = YES;
				GCC_WARN_UNUSED_VARIABLE = YES;
				IPHONEOS_DEPLOYMENT_TARGET = 13.2;
				MTL_ENABLE_DEBUG_INFO = NO;
				MTL_FAST_MATH = YES;
				SDKROOT = iphoneos;
				SWIFT_COMPILATION_MODE = wholemodule;
				SWIFT_OPTIMIZATION_LEVEL = "-O";
				VALIDATE_PRODUCT = YES;
			};
			name = Release;
		};
		1E41ECC625328E7C005FF665 /* Debug */ = {
			isa = XCBuildConfiguration;
			buildSettings = {
				ASSETCATALOG_COMPILER_APPICON_NAME = AppIcon;
				CODE_SIGN_STYLE = Automatic;
				INFOPLIST_FILE = TipCalculator/Info.plist;
				LD_RUNPATH_SEARCH_PATHS = (
					"$(inherited)",
					"@executable_path/Frameworks",
				);
				PRODUCT_BUNDLE_IDENTIFIER = Codepath.TipCalculator;
				PRODUCT_NAME = "$(TARGET_NAME)";
				SWIFT_VERSION = 5.0;
				TARGETED_DEVICE_FAMILY = "1,2";
			};
			name = Debug;
		};
		1E41ECC725328E7C005FF665 /* Release */ = {
			isa = XCBuildConfiguration;
			buildSettings = {
				ASSETCATALOG_COMPILER_APPICON_NAME = AppIcon;
				CODE_SIGN_STYLE = Automatic;
				INFOPLIST_FILE = TipCalculator/Info.plist;
				LD_RUNPATH_SEARCH_PATHS = (
					"$(inherited)",
					"@executable_path/Frameworks",
				);
				PRODUCT_BUNDLE_IDENTIFIER = Codepath.TipCalculator;
				PRODUCT_NAME = "$(TARGET_NAME)";
				SWIFT_VERSION = 5.0;
				TARGETED_DEVICE_FAMILY = "1,2";
			};
			name = Release;
		};
		1E41ECC925328E7C005FF665 /* Debug */ = {
			isa = XCBuildConfiguration;
			buildSettings = {
				ALWAYS_EMBED_SWIFT_STANDARD_LIBRARIES = YES;
				BUNDLE_LOADER = "$(TEST_HOST)";
				CODE_SIGN_STYLE = Automatic;
				INFOPLIST_FILE = TipCalculatorTests/Info.plist;
				IPHONEOS_DEPLOYMENT_TARGET = 13.2;
				LD_RUNPATH_SEARCH_PATHS = (
					"$(inherited)",
					"@executable_path/Frameworks",
					"@loader_path/Frameworks",
				);
				PRODUCT_BUNDLE_IDENTIFIER = Codepath.TipCalculatorTests;
				PRODUCT_NAME = "$(TARGET_NAME)";
				SWIFT_VERSION = 5.0;
				TARGETED_DEVICE_FAMILY = "1,2";
				TEST_HOST = "$(BUILT_PRODUCTS_DIR)/TipCalculator.app/TipCalculator";
			};
			name = Debug;
		};
		1E41ECCA25328E7C005FF665 /* Release */ = {
			isa = XCBuildConfiguration;
			buildSettings = {
				ALWAYS_EMBED_SWIFT_STANDARD_LIBRARIES = YES;
				BUNDLE_LOADER = "$(TEST_HOST)";
				CODE_SIGN_STYLE = Automatic;
				INFOPLIST_FILE = TipCalculatorTests/Info.plist;
				IPHONEOS_DEPLOYMENT_TARGET = 13.2;
				LD_RUNPATH_SEARCH_PATHS = (
					"$(inherited)",
					"@executable_path/Frameworks",
					"@loader_path/Frameworks",
				);
				PRODUCT_BUNDLE_IDENTIFIER = Codepath.TipCalculatorTests;
				PRODUCT_NAME = "$(TARGET_NAME)";
				SWIFT_VERSION = 5.0;
				TARGETED_DEVICE_FAMILY = "1,2";
				TEST_HOST = "$(BUILT_PRODUCTS_DIR)/TipCalculator.app/TipCalculator";
			};
			name = Release;
		};
		1E41ECCC25328E7C005FF665 /* Debug */ = {
			isa = XCBuildConfiguration;
			buildSettings = {
				ALWAYS_EMBED_SWIFT_STANDARD_LIBRARIES = YES;
				CODE_SIGN_STYLE = Automatic;
				INFOPLIST_FILE = TipCalculatorUITests/Info.plist;
				LD_RUNPATH_SEARCH_PATHS = (
					"$(inherited)",
					"@executable_path/Frameworks",
					"@loader_path/Frameworks",
				);
				PRODUCT_BUNDLE_IDENTIFIER = Codepath.TipCalculatorUITests;
				PRODUCT_NAME = "$(TARGET_NAME)";
				SWIFT_VERSION = 5.0;
				TARGETED_DEVICE_FAMILY = "1,2";
				TEST_TARGET_NAME = TipCalculator;
			};
			name = Debug;
		};
		1E41ECCD25328E7C005FF665 /* Release */ = {
			isa = XCBuildConfiguration;
			buildSettings = {
				ALWAYS_EMBED_SWIFT_STANDARD_LIBRARIES = YES;
				CODE_SIGN_STYLE = Automatic;
				INFOPLIST_FILE = TipCalculatorUITests/Info.plist;
				LD_RUNPATH_SEARCH_PATHS = (
					"$(inherited)",
					"@executable_path/Frameworks",
					"@loader_path/Frameworks",
				);
				PRODUCT_BUNDLE_IDENTIFIER = Codepath.TipCalculatorUITests;
				PRODUCT_NAME = "$(TARGET_NAME)";
				SWIFT_VERSION = 5.0;
				TARGETED_DEVICE_FAMILY = "1,2";
				TEST_TARGET_NAME = TipCalculator;
			};
			name = Release;
		};
/* End XCBuildConfiguration section */

/* Begin XCConfigurationList section */
		1E41EC9625328E77005FF665 /* Build configuration list for PBXProject "TipCalculator" */ = {
			isa = XCConfigurationList;
			buildConfigurations = (
				1E41ECC325328E7C005FF665 /* Debug */,
				1E41ECC425328E7C005FF665 /* Release */,
			);
			defaultConfigurationIsVisible = 0;
			defaultConfigurationName = Release;
		};
		1E41ECC525328E7C005FF665 /* Build configuration list for PBXNativeTarget "TipCalculator" */ = {
			isa = XCConfigurationList;
			buildConfigurations = (
				1E41ECC625328E7C005FF665 /* Debug */,
				1E41ECC725328E7C005FF665 /* Release */,
			);
			defaultConfigurationIsVisible = 0;
			defaultConfigurationName = Release;
		};
		1E41ECC825328E7C005FF665 /* Build configuration list for PBXNativeTarget "TipCalculatorTests" */ = {
			isa = XCConfigurationList;
			buildConfigurations = (
				1E41ECC925328E7C005FF665 /* Debug */,
				1E41ECCA25328E7C005FF665 /* Release */,
			);
			defaultConfigurationIsVisible = 0;
			defaultConfigurationName = Release;
		};
		1E41ECCB25328E7C005FF665 /* Build configuration list for PBXNativeTarget "TipCalculatorUITests" */ = {
			isa = XCConfigurationList;
			buildConfigurations = (
				1E41ECCC25328E7C005FF665 /* Debug */,
				1E41ECCD25328E7C005FF665 /* Release */,
			);
			defaultConfigurationIsVisible = 0;
			defaultConfigurationName = Release;
		};
/* End XCConfigurationList section */
	};
	rootObject = 1E41EC9325328E77005FF665 /* Project object */;
}
